
Microsoft Visual Studio Solution File, Format Version 12.00
# Visual Studio Version 16
VisualStudioVersion = 16.0.30621.155
MinimumVisualStudioVersion = 10.0.40219.1
Project("{FAE04EC0-301F-11D3-BF4B-00C04F79EFBC}") = "insta-api", "insta-api\insta-api.csproj", "{94DA329D-FCB6-4973-97EC-3DCE2DC1C9D6}"
EndProject
Global
	GlobalSection(SolutionConfigurationPlatforms) = preSolution
		Debug|Any CPU = Debug|Any CPU
		Release|Any CPU = Release|Any CPU
	EndGlobalSection
	GlobalSection(ProjectConfigurationPlatforms) = postSolution
		{94DA329D-FCB6-4973-97EC-3DCE2DC1C9D6}.Debug|Any CPU.ActiveCfg = Debug|Any CPU
		{94DA329D-FCB6-4973-97EC-3DCE2DC1C9D6}.Debug|Any CPU.Build.0 = Debug|Any CPU
		{94DA329D-FCB6-4973-97EC-3DCE2DC1C9D6}.Release|Any CPU.ActiveCfg = Release|Any CPU
		{94DA329D-FCB6-4973-97EC-3DCE2DC1C9D6}.Release|Any CPU.Build.0 = Release|Any CPU
	EndGlobalSection
	GlobalSection(SolutionProperties) = preSolution
		HideSolutionNode = FALSE
	EndGlobalSection
	GlobalSection(ExtensibilityGlobals) = postSolution
		SolutionGuid = {143EECBE-7A71-4F24-A8A3-E4F05521A10E}
	EndGlobalSection
EndGlobal
